
Microsoft Visual Studio Solution File, Format Version 12.00
# Visual Studio Version 17
VisualStudioVersion = 17.3.32825.248
MinimumVisualStudioVersion = 10.0.40219.1
Project("{9A19103F-16F7-4668-BE54-9A1E7A4F7556}") = "WebApp.Identity", "WebApp.Identity\WebApp.Identity.csproj", "{F3CC08FE-539A-48F4-89AD-67C6D084C0EF}"
EndProject
Project("{FAE04EC0-301F-11D3-BF4B-00C04F79EFBC}") = "WebApi.Identity", "WebApi.Identity\WebApi.Identity.csproj", "{866730BF-32C9-4853-9337-69B21878D93A}"
EndProject
Global
	GlobalSection(SolutionConfigurationPlatforms) = preSolution
		Debug|Any CPU = Debug|Any CPU
		Release|Any CPU = Release|Any CPU
	EndGlobalSection
	GlobalSection(ProjectConfigurationPlatforms) = postSolution
		{F3CC08FE-539A-48F4-89AD-67C6D084C0EF}.Debug|Any CPU.ActiveCfg = Debug|Any CPU
		{F3CC08FE-539A-48F4-89AD-67C6D084C0EF}.Debug|Any CPU.Build.0 = Debug|Any CPU
		{F3CC08FE-539A-48F4-89AD-67C6D084C0EF}.Release|Any CPU.ActiveCfg = Release|Any CPU
		{F3CC08FE-539A-48F4-89AD-67C6D084C0EF}.Release|Any CPU.Build.0 = Release|Any CPU
		{866730BF-32C9-4853-9337-69B21878D93A}.Debug|Any CPU.ActiveCfg = Debug|Any CPU
		{866730BF-32C9-4853-9337-69B21878D93A}.Debug|Any CPU.Build.0 = Debug|Any CPU
		{866730BF-32C9-4853-9337-69B21878D93A}.Release|Any CPU.ActiveCfg = Release|Any CPU
		{866730BF-32C9-4853-9337-69B21878D93A}.Release|Any CPU.Build.0 = Release|Any CPU
	EndGlobalSection
	GlobalSection(SolutionProperties) = preSolution
		HideSolutionNode = FALSE
	EndGlobalSection
	GlobalSection(ExtensibilityGlobals) = postSolution
		SolutionGuid = {419E110E-02CA-4958-B614-B1E268277887}
	EndGlobalSection
EndGlobal
